
Microsoft Visual Studio Solution File, Format Version 12.00
# Visual Studio Version 17
VisualStudioVersion = 17.12.35707.178
MinimumVisualStudioVersion = 10.0.40219.1
Project("{2150E333-8FDC-42A3-9474-1A3956D46DE8}") = "Core", "Core", "{7A23DB13-BD67-450E-83A1-9D1FA2BCFD35}"
EndProject
Project("{9A19103F-16F7-4668-BE54-9A1E7A4F7556}") = "SodruzhestvoFinance", "SodruzhestvoFinance\SodruzhestvoFinance.csproj", "{55D5E30D-F272-4360-A4B9-ABA0BCFEEE93}"
EndProject
Project("{9A19103F-16F7-4668-BE54-9A1E7A4F7556}") = "SFinance.Data", "SFinance.Data\SFinance.Data.csproj", "{64863664-2608-43B9-BA6A-3D15736B6236}"
EndProject
Global
	GlobalSection(SolutionConfigurationPlatforms) = preSolution
		Debug|Any CPU = Debug|Any CPU
		Release|Any CPU = Release|Any CPU
	EndGlobalSection
	GlobalSection(ProjectConfigurationPlatforms) = postSolution
		{55D5E30D-F272-4360-A4B9-ABA0BCFEEE93}.Debug|Any CPU.ActiveCfg = Debug|Any CPU
		{55D5E30D-F272-4360-A4B9-ABA0BCFEEE93}.Debug|Any CPU.Build.0 = Debug|Any CPU
		{55D5E30D-F272-4360-A4B9-ABA0BCFEEE93}.Release|Any CPU.ActiveCfg = Release|Any CPU
		{55D5E30D-F272-4360-A4B9-ABA0BCFEEE93}.Release|Any CPU.Build.0 = Release|Any CPU
		{64863664-2608-43B9-BA6A-3D15736B6236}.Debug|Any CPU.ActiveCfg = Debug|Any CPU
		{64863664-2608-43B9-BA6A-3D15736B6236}.Debug|Any CPU.Build.0 = Debug|Any CPU
		{64863664-2608-43B9-BA6A-3D15736B6236}.Release|Any CPU.ActiveCfg = Release|Any CPU
		{64863664-2608-43B9-BA6A-3D15736B6236}.Release|Any CPU.Build.0 = Release|Any CPU
	EndGlobalSection
	GlobalSection(SolutionProperties) = preSolution
		HideSolutionNode = FALSE
	EndGlobalSection
	GlobalSection(NestedProjects) = preSolution
		{64863664-2608-43B9-BA6A-3D15736B6236} = {7A23DB13-BD67-450E-83A1-9D1FA2BCFD35}
	EndGlobalSection
EndGlobal
